
Microsoft Visual Studio Solution File, Format Version 12.00
# Visual Studio Version 18
VisualStudioVersion = 18.4.11626.88
MinimumVisualStudioVersion = 10.0.40219.1
Project("{FAE04EC0-301F-11D3-BF4B-00C04F79EFBC}") = "SomaAfrica", "SomaAfrica.csproj", "{634E5319-F73F-891F-53AA-6E357E1D0EE2}"
EndProject
Global
	GlobalSection(SolutionConfigurationPlatforms) = preSolution
		Debug|Any CPU = Debug|Any CPU
		Release|Any CPU = Release|Any CPU
	EndGlobalSection
	GlobalSection(ProjectConfigurationPlatforms) = postSolution
		{634E5319-F73F-891F-53AA-6E357E1D0EE2}.Debug|Any CPU.ActiveCfg = Debug|Any CPU
		{634E5319-F73F-891F-53AA-6E357E1D0EE2}.Debug|Any CPU.Build.0 = Debug|Any CPU
		{634E5319-F73F-891F-53AA-6E357E1D0EE2}.Release|Any CPU.ActiveCfg = Release|Any CPU
		{634E5319-F73F-891F-53AA-6E357E1D0EE2}.Release|Any CPU.Build.0 = Release|Any CPU
	EndGlobalSection
	GlobalSection(SolutionProperties) = preSolution
		HideSolutionNode = FALSE
	EndGlobalSection
	GlobalSection(ExtensibilityGlobals) = postSolution
		SolutionGuid = {B57C61D1-2D32-4BC3-B4EF-A3048E098CE6}
	EndGlobalSection
EndGlobal
